
Microsoft Visual Studio Solution File, Format Version 12.00
# Visual Studio Version 17
VisualStudioVersion = 17.5.33502.453
MinimumVisualStudioVersion = 10.0.40219.1
Project("{FAE04EC0-301F-11D3-BF4B-00C04F79EFBC}") = "Pensumsjekk2", "Pensumsjekk2.csproj", "{54BCA3D1-8837-44B8-AD78-05419E951460}"
EndProject
Global
	GlobalSection(SolutionConfigurationPlatforms) = preSolution
		Debug|Any CPU = Debug|Any CPU
		Release|Any CPU = Release|Any CPU
	EndGlobalSection
	GlobalSection(ProjectConfigurationPlatforms) = postSolution
		{54BCA3D1-8837-44B8-AD78-05419E951460}.Debug|Any CPU.ActiveCfg = Debug|Any CPU
		{54BCA3D1-8837-44B8-AD78-05419E951460}.Debug|Any CPU.Build.0 = Debug|Any CPU
		{54BCA3D1-8837-44B8-AD78-05419E951460}.Release|Any CPU.ActiveCfg = Release|Any CPU
		{54BCA3D1-8837-44B8-AD78-05419E951460}.Release|Any CPU.Build.0 = Release|Any CPU
	EndGlobalSection
	GlobalSection(SolutionProperties) = preSolution
		HideSolutionNode = FALSE
	EndGlobalSection
	GlobalSection(ExtensibilityGlobals) = postSolution
		SolutionGuid = {00C6E84D-4E38-4A76-AACE-1CAE50811E4B}
	EndGlobalSection
EndGlobal
